%{
  "amnesia": {:git, "https://github.com/noizu/amnesia.git", "9266002467face51b956a0c5f27954b145c0fb9d", [ref: "9266002"]},
  "earmark": {:hex, :earmark, "1.2.3", "206eb2e2ac1a794aa5256f3982de7a76bf4579ff91cb28d0e17ea2c9491e46a4", [:mix], [], "hexpm", "3b1dcad3067985dd8618c38399a8ee9c4e652d52a17a4aae7a6d6fc4fcc24856"},
  "elixir_core": {:git, "https://github.com/noizu/ElixirCore.git", "f40926dbee613fb6e66f352bef30535a84a04f82", [tag: "1.0.0"]},
  "ex_doc": {:hex, :ex_doc, "0.16.2", "3b3e210ebcd85a7c76b4e73f85c5640c011d2a0b2f06dcdf5acdb2ae904e5084", [:mix], [{:earmark, "~> 1.1", [hex: :earmark, repo: "hexpm", optional: false]}], "hexpm", "b6fb4aef8125c62e6b6a7d7507eff70f376a7050c7745af11f08333ea9beebd3"},
  "exquisite": {:git, "https://github.com/noizu/exquisite.git", "61d48f8c4eeb90ab0cafe9a4d98bdb2820db295d", [ref: "61d48f8"]},
  "fastglobal": {:hex, :fastglobal, "1.0.0", "f3133a0cda8e9408aac7281ec579c4b4a8386ce0e99ca55f746b9f58192f455b", [:mix], [], "hexpm", "cfdb7ed63910bc75f579cd09e2517618fa9418b56731d51d03f7ba4b400798d0"},
  "hoedown": {:git, "https://github.com/hoedown/hoedown.git", "980b9c549b4348d50b683ecee6abee470b98acda", []},
  "markdown": {:git, "https://github.com/devinus/markdown.git", "d065dbcc4e242a85ca2516fdadd0082712871fd8", []},
  "mime": {:hex, :mime, "1.1.0", "01c1d6f4083d8aa5c7b8c246ade95139620ef8effb009edde934e0ec3b28090a", [:mix], [], "hexpm", "33dd09e615daab5668c15cc3a33829892728fdbed910ab0c0a0edb06b45fc54d"},
  "noizu_core": {:git, "https://github.com/noizu/ElixirCore.git", "c079cb2b7740559a5da7d4123fbba321d348cd01", [tag: "1.0.7"]},
  "noizu_mnesia_versioning": {:git, "https://github.com/noizu/MnesiaVersioning.git", "c295e3465801974c9ec4bb6d2769a1b551832370", [tag: "0.1.9"]},
  "noizu_scaffolding": {:git, "https://github.com/noizu/ElixirScaffolding.git", "1010ba5f4ea229165a6ed15602131946e8ec8407", [tag: "1.1.42"]},
  "plug": {:hex, :plug, "1.4.3", "236d77ce7bf3e3a2668dc0d32a9b6f1f9b1f05361019946aae49874904be4aed", [:mix], [{:cowboy, "~> 1.0.1 or ~> 1.1", [hex: :cowboy, repo: "hexpm", optional: true]}, {:mime, "~> 1.0", [hex: :mime, repo: "hexpm", optional: false]}], "hexpm", "c1c408c57a1e4c88c365b9aff1198c350e22b765dbb97a460e9e6bd9364c6194"},
  "semaphore": {:hex, :semaphore, "1.0.0", "4e0d490d2f0519b513efbc71430a487ee50ab14d4abe1cd1e9b86b0e069a832c", [:mix], [], "hexpm", "97fb14127a3ea31ff11f3b81f9b2af4ff19e457b0e6149f3b3ed64aac5f1cbea"},
  "uuid": {:hex, :uuid, "1.1.8", "e22fc04499de0de3ed1116b770c7737779f226ceefa0badb3592e64d5cfb4eb9", [:mix], [], "hexpm", "c790593b4c3b601f5dc2378baae7efaf5b3d73c4c6456ba85759905be792f2ac"},
}
