%{
  "amnesia": {:git, "https://github.com/noizu/amnesia.git", "9266002467face51b956a0c5f27954b145c0fb9d", [ref: "9266002"]},
  "earmark": {:hex, :earmark, "1.2.3", "206eb2e2ac1a794aa5256f3982de7a76bf4579ff91cb28d0e17ea2c9491e46a4", [:mix], [], "hexpm"},
  "elixir_core": {:git, "https://github.com/noizu/ElixirCore.git", "f40926dbee613fb6e66f352bef30535a84a04f82", [tag: "1.0.0"]},
  "ex_doc": {:hex, :ex_doc, "0.16.2", "3b3e210ebcd85a7c76b4e73f85c5640c011d2a0b2f06dcdf5acdb2ae904e5084", [:mix], [{:earmark, "~> 1.1", [hex: :earmark, repo: "hexpm", optional: false]}], "hexpm"},
  "exquisite": {:git, "https://github.com/noizu/exquisite.git", "61d48f8c4eeb90ab0cafe9a4d98bdb2820db295d", [ref: "61d48f8"]},
  "hoedown": {:git, "https://github.com/hoedown/hoedown.git", "980b9c549b4348d50b683ecee6abee470b98acda", []},
  "markdown": {:git, "https://github.com/devinus/markdown.git", "d065dbcc4e242a85ca2516fdadd0082712871fd8", []},
  "mime": {:hex, :mime, "1.1.0", "01c1d6f4083d8aa5c7b8c246ade95139620ef8effb009edde934e0ec3b28090a", [], [], "hexpm"},
  "noizu_core": {:git, "https://github.com/noizu/ElixirCore.git", "f301858bd0fb6918feb6000b46c251c4fdd76fe4", [tag: "1.0.5"]},
  "noizu_mnesia_versioning": {:git, "https://github.com/noizu/MnesiaVersioning.git", "c295e3465801974c9ec4bb6d2769a1b551832370", [tag: "0.1.9"]},
  "plug": {:hex, :plug, "1.4.3", "236d77ce7bf3e3a2668dc0d32a9b6f1f9b1f05361019946aae49874904be4aed", [], [{:cowboy, "~> 1.0.1 or ~> 1.1", [hex: :cowboy, repo: "hexpm", optional: true]}, {:mime, "~> 1.0", [hex: :mime, repo: "hexpm", optional: false]}], "hexpm"},
  "uuid": {:hex, :uuid, "1.1.8", "e22fc04499de0de3ed1116b770c7737779f226ceefa0badb3592e64d5cfb4eb9", [], [], "hexpm"},
}
